
Microsoft Visual Studio Solution File, Format Version 12.00
# Visual Studio Version 17
VisualStudioVersion = 17.3.32901.215
MinimumVisualStudioVersion = 10.0.40219.1
Project("{9A19103F-16F7-4668-BE54-9A1E7A4F7556}") = "ScriptManager", "ScriptManager\ScriptManager.csproj", "{02E947F6-8639-4DC1-AB14-55651212B59D}"
EndProject
Project("{FAE04EC0-301F-11D3-BF4B-00C04F79EFBC}") = "Scripts", "Scripts\Scripts.csproj", "{A7CC56A9-622E-4AC6-A168-02900F85EEE8}"
EndProject
Global
	GlobalSection(SolutionConfigurationPlatforms) = preSolution
		Debug|Any CPU = Debug|Any CPU
		Release|Any CPU = Release|Any CPU
	EndGlobalSection
	GlobalSection(ProjectConfigurationPlatforms) = postSolution
		{02E947F6-8639-4DC1-AB14-55651212B59D}.Debug|Any CPU.ActiveCfg = Debug|Any CPU
		{02E947F6-8639-4DC1-AB14-55651212B59D}.Debug|Any CPU.Build.0 = Debug|Any CPU
		{02E947F6-8639-4DC1-AB14-55651212B59D}.Release|Any CPU.ActiveCfg = Release|Any CPU
		{02E947F6-8639-4DC1-AB14-55651212B59D}.Release|Any CPU.Build.0 = Release|Any CPU
		{A7CC56A9-622E-4AC6-A168-02900F85EEE8}.Debug|Any CPU.ActiveCfg = Debug|Any CPU
		{A7CC56A9-622E-4AC6-A168-02900F85EEE8}.Debug|Any CPU.Build.0 = Debug|Any CPU
		{A7CC56A9-622E-4AC6-A168-02900F85EEE8}.Release|Any CPU.ActiveCfg = Release|Any CPU
		{A7CC56A9-622E-4AC6-A168-02900F85EEE8}.Release|Any CPU.Build.0 = Release|Any CPU
	EndGlobalSection
	GlobalSection(SolutionProperties) = preSolution
		HideSolutionNode = FALSE
	EndGlobalSection
	GlobalSection(ExtensibilityGlobals) = postSolution
		SolutionGuid = {0899F346-461D-4EE9-8DF9-4ED4CD20A20F}
	EndGlobalSection
EndGlobal
